// !$*UTF8*$!
{
	archiveVersion = 1;
	classes = {
	};
	objectVersion = 77;
	objects = {

/* Begin PBXBuildFile section */
		CE7115A62E6F181600BFCB5A /* LaunchScreen.storyboard in Resources */ = {isa = PBXBuildFile; fileRef = CE7115A52E6F181600BFCB5A /* LaunchScreen.storyboard */; };
		FA7F7D3D2F686E6C006E7E3C /* Purchase.swift in Sources */ = {isa = PBXBuildFile; fileRef = FA7F7D1C2F686E6C006E7E3C /* Purchase.swift */; };
		FA7F7D3E2F686E6C006E7E3C /* AddMarketView.swift in Sources */ = {isa = PBXBuildFile; fileRef = FA7F7D2E2F686E6C006E7E3C /* AddMarketView.swift */; };
		FA7F7D3F2F686E6C006E7E3C /* AppTab.swift in Sources */ = {isa = PBXBuildFile; fileRef = FA7F7D162F686E6C006E7E3C /* AppTab.swift */; };
		FA7F7D402F686E6C006E7E3C /* AddDishView.swift in Sources */ = {isa = PBXBuildFile; fileRef = FA7F7D272F686E6C006E7E3C /* AddDishView.swift */; };
		FA7F7D412F686E6C006E7E3C /* MarketListView.swift in Sources */ = {isa = PBXBuildFile; fileRef = FA7F7D302F686E6C006E7E3C /* MarketListView.swift */; };
		FA7F7D422F686E6C006E7E3C /* AppState.swift in Sources */ = {isa = PBXBuildFile; fileRef = FA7F7D152F686E6C006E7E3C /* AppState.swift */; };
		FA7F7D432F686E6C006E7E3C /* DishView.swift in Sources */ = {isa = PBXBuildFile; fileRef = FA7F7D292F686E6C006E7E3C /* DishView.swift */; };
		FA7F7D442F686E6C006E7E3C /* DishDetailView.swift in Sources */ = {isa = PBXBuildFile; fileRef = FA7F7D282F686E6C006E7E3C /* DishDetailView.swift */; };
		FA7F7D452F686E6C006E7E3C /* BottomBarView.swift in Sources */ = {isa = PBXBuildFile; fileRef = FA7F7D212F686E6C006E7E3C /* BottomBarView.swift */; };
		FA7F7D462F686E6C006E7E3C /* TransparentBlurView.swift in Sources */ = {isa = PBXBuildFile; fileRef = FA7F7D102F686E6C006E7E3C /* TransparentBlurView.swift */; };
		FA7F7D472F686E6C006E7E3C /* DropdownPickerView.swift in Sources */ = {isa = PBXBuildFile; fileRef = FA7F7D2B2F686E6C006E7E3C /* DropdownPickerView.swift */; };
		FA7F7D482F686E6C006E7E3C /* MainRootView.swift in Sources */ = {isa = PBXBuildFile; fileRef = FA7F7D382F686E6C006E7E3C /* MainRootView.swift */; };
		FA7F7D492F686E6C006E7E3C /* Dish.swift in Sources */ = {isa = PBXBuildFile; fileRef = FA7F7D172F686E6C006E7E3C /* Dish.swift */; };
		FA7F7D4A2F686E6C006E7E3C /* Market.swift in Sources */ = {isa = PBXBuildFile; fileRef = FA7F7D1A2F686E6C006E7E3C /* Market.swift */; };
		FA7F7D4B2F686E6C006E7E3C /* DishCardView.swift in Sources */ = {isa = PBXBuildFile; fileRef = FA7F7D252F686E6C006E7E3C /* DishCardView.swift */; };
		FA7F7D4C2F686E6C006E7E3C /* FontExtension.swift in Sources */ = {isa = PBXBuildFile; fileRef = FA7F7D0E2F686E6C006E7E3C /* FontExtension.swift */; };
		FA7F7D4D2F686E6C006E7E3C /* ViewExtension.swift in Sources */ = {isa = PBXBuildFile; fileRef = FA7F7D112F686E6C006E7E3C /* ViewExtension.swift */; };
		FA7F7D4E2F686E6C006E7E3C /* ContentView.swift in Sources */ = {isa = PBXBuildFile; fileRef = FA7F7D372F686E6C006E7E3C /* ContentView.swift */; };
		FA7F7D4F2F686E6C006E7E3C /* BackgroundModifier.swift in Sources */ = {isa = PBXBuildFile; fileRef = FA7F7D0D2F686E6C006E7E3C /* BackgroundModifier.swift */; };
		FA7F7D502F686E6C006E7E3C /* CameraImagePicker.swift in Sources */ = {isa = PBXBuildFile; fileRef = FA7F7D232F686E6C006E7E3C /* CameraImagePicker.swift */; };
		FA7F7D512F686E6C006E7E3C /* DishStore.swift in Sources */ = {isa = PBXBuildFile; fileRef = FA7F7D182F686E6C006E7E3C /* DishStore.swift */; };
		FA7F7D522F686E6C006E7E3C /* MarketDetailView.swift in Sources */ = {isa = PBXBuildFile; fileRef = FA7F7D2F2F686E6C006E7E3C /* MarketDetailView.swift */; };
		FA7F7D532F686E6C006E7E3C /* SizeExtension.swift in Sources */ = {isa = PBXBuildFile; fileRef = FA7F7D0F2F686E6C006E7E3C /* SizeExtension.swift */; };
		FA7F7D542F686E6C006E7E3C /* MarketCardView.swift in Sources */ = {isa = PBXBuildFile; fileRef = FA7F7D2C2F686E6C006E7E3C /* MarketCardView.swift */; };
		FA7F7D552F686E6C006E7E3C /* TimerView.swift in Sources */ = {isa = PBXBuildFile; fileRef = FA7F7D332F686E6C006E7E3C /* TimerView.swift */; };
		FA7F7D562F686E6C006E7E3C /* Ingredient.swift in Sources */ = {isa = PBXBuildFile; fileRef = FA7F7D192F686E6C006E7E3C /* Ingredient.swift */; };
		FA7F7D572F686E6C006E7E3C /* MarketStore.swift in Sources */ = {isa = PBXBuildFile; fileRef = FA7F7D1B2F686E6C006E7E3C /* MarketStore.swift */; };
		FA7F7D582F686E6C006E7E3C /* MeditationAudio.swift in Sources */ = {isa = PBXBuildFile; fileRef = FA7F7D322F686E6C006E7E3C /* MeditationAudio.swift */; };
		FA7F7D592F686E6C006E7E3C /* SF-Pro-Display-Semibold.otf in Resources */ = {isa = PBXBuildFile; fileRef = FA7F7D132F686E6C006E7E3C /* SF-Pro-Display-Semibold.otf */; };
		FA7F7D5A2F686E6C006E7E3C /* Assets.xcassets in Resources */ = {isa = PBXBuildFile; fileRef = FA7F7D362F686E6C006E7E3C /* Assets.xcassets */; };
		FA7F7D5B2F686E6C006E7E3C /* desertMP.mp3 in Resources */ = {isa = PBXBuildFile; fileRef = FA7F7D1F2F686E6C006E7E3C /* desertMP.mp3 */; };
		FA7F7D5C2F686E6C006E7E3C /* camelMP.mp3 in Resources */ = {isa = PBXBuildFile; fileRef = FA7F7D1E2F686E6C006E7E3C /* camelMP.mp3 */; };
		FA7F7D5D2F686E6C006E7E3C /* PrivacyInfo.xcprivacy in Resources */ = {isa = PBXBuildFile; fileRef = FA7F7D3C2F686E6C006E7E3C /* PrivacyInfo.xcprivacy */; };
		FA7F7D5E2F686E6C006E7E3C /* Moro-Eastern-Info.plist in Resources */ = {isa = PBXBuildFile; fileRef = FA7F7D3A2F686E6C006E7E3C /* Moro-Eastern-Info.plist */; };
/* End PBXBuildFile section */

/* Begin PBXCopyFilesBuildPhase section */
		CE71156C2E6F168000BFCB5A /* Embed Foundation Extensions */ = {
			isa = PBXCopyFilesBuildPhase;
			buildActionMask = 2147483647;
			dstPath = "";
			dstSubfolderSpec = 13;
			files = (
			);
			name = "Embed Foundation Extensions";
			runOnlyForDeploymentPostprocessing = 0;
		};
/* End PBXCopyFilesBuildPhase section */

/* Begin PBXFileReference section */
		CE7115342E6F0AB000BFCB5A /* AppTemplate.app */ = {isa = PBXFileReference; explicitFileType = wrapper.application; includeInIndex = 0; path = AppTemplate.app; sourceTree = BUILT_PRODUCTS_DIR; };
		CE7115A42E6F181600BFCB5A /* LaunchScreen.storyboard */ = {isa = PBXFileReference; lastKnownFileType = file.storyboard; name = LaunchScreen.storyboard; path = Base.lproj/LaunchScreen.storyboard; sourceTree = "<group>"; };
		CEF3187B2E72A659004E27D7 /* UserNotifications.framework */ = {isa = PBXFileReference; lastKnownFileType = wrapper.framework; name = UserNotifications.framework; path = System/Library/Frameworks/UserNotifications.framework; sourceTree = SDKROOT; };
		FA7F7D0D2F686E6C006E7E3C /* BackgroundModifier.swift */ = {isa = PBXFileReference; lastKnownFileType = sourcecode.swift; path = BackgroundModifier.swift; sourceTree = "<group>"; };
		FA7F7D0E2F686E6C006E7E3C /* FontExtension.swift */ = {isa = PBXFileReference; lastKnownFileType = sourcecode.swift; path = FontExtension.swift; sourceTree = "<group>"; };
		FA7F7D0F2F686E6C006E7E3C /* SizeExtension.swift */ = {isa = PBXFileReference; lastKnownFileType = sourcecode.swift; path = SizeExtension.swift; sourceTree = "<group>"; };
		FA7F7D102F686E6C006E7E3C /* TransparentBlurView.swift */ = {isa = PBXFileReference; lastKnownFileType = sourcecode.swift; path = TransparentBlurView.swift; sourceTree = "<group>"; };
		FA7F7D112F686E6C006E7E3C /* ViewExtension.swift */ = {isa = PBXFileReference; lastKnownFileType = sourcecode.swift; path = ViewExtension.swift; sourceTree = "<group>"; };
		FA7F7D132F686E6C006E7E3C /* SF-Pro-Display-Semibold.otf */ = {isa = PBXFileReference; lastKnownFileType = file; path = "SF-Pro-Display-Semibold.otf"; sourceTree = "<group>"; };
		FA7F7D152F686E6C006E7E3C /* AppState.swift */ = {isa = PBXFileReference; lastKnownFileType = sourcecode.swift; path = AppState.swift; sourceTree = "<group>"; };
		FA7F7D162F686E6C006E7E3C /* AppTab.swift */ = {isa = PBXFileReference; lastKnownFileType = sourcecode.swift; path = AppTab.swift; sourceTree = "<group>"; };
		FA7F7D172F686E6C006E7E3C /* Dish.swift */ = {isa = PBXFileReference; lastKnownFileType = sourcecode.swift; path = Dish.swift; sourceTree = "<group>"; };
		FA7F7D182F686E6C006E7E3C /* DishStore.swift */ = {isa = PBXFileReference; lastKnownFileType = sourcecode.swift; path = DishStore.swift; sourceTree = "<group>"; };
		FA7F7D192F686E6C006E7E3C /* Ingredient.swift */ = {isa = PBXFileReference; lastKnownFileType = sourcecode.swift; path = Ingredient.swift; sourceTree = "<group>"; };
		FA7F7D1A2F686E6C006E7E3C /* Market.swift */ = {isa = PBXFileReference; lastKnownFileType = sourcecode.swift; path = Market.swift; sourceTree = "<group>"; };
		FA7F7D1B2F686E6C006E7E3C /* MarketStore.swift */ = {isa = PBXFileReference; lastKnownFileType = sourcecode.swift; path = MarketStore.swift; sourceTree = "<group>"; };
		FA7F7D1C2F686E6C006E7E3C /* Purchase.swift */ = {isa = PBXFileReference; lastKnownFileType = sourcecode.swift; path = Purchase.swift; sourceTree = "<group>"; };
		FA7F7D1E2F686E6C006E7E3C /* camelMP.mp3 */ = {isa = PBXFileReference; lastKnownFileType = audio.mp3; path = camelMP.mp3; sourceTree = "<group>"; };
		FA7F7D1F2F686E6C006E7E3C /* desertMP.mp3 */ = {isa = PBXFileReference; lastKnownFileType = audio.mp3; path = desertMP.mp3; sourceTree = "<group>"; };
		FA7F7D212F686E6C006E7E3C /* BottomBarView.swift */ = {isa = PBXFileReference; lastKnownFileType = sourcecode.swift; path = BottomBarView.swift; sourceTree = "<group>"; };
		FA7F7D232F686E6C006E7E3C /* CameraImagePicker.swift */ = {isa = PBXFileReference; lastKnownFileType = sourcecode.swift; path = CameraImagePicker.swift; sourceTree = "<group>"; };
		FA7F7D252F686E6C006E7E3C /* DishCardView.swift */ = {isa = PBXFileReference; lastKnownFileType = sourcecode.swift; path = DishCardView.swift; sourceTree = "<group>"; };
		FA7F7D272F686E6C006E7E3C /* AddDishView.swift */ = {isa = PBXFileReference; lastKnownFileType = sourcecode.swift; path = AddDishView.swift; sourceTree = "<group>"; };
		FA7F7D282F686E6C006E7E3C /* DishDetailView.swift */ = {isa = PBXFileReference; lastKnownFileType = sourcecode.swift; path = DishDetailView.swift; sourceTree = "<group>"; };
		FA7F7D292F686E6C006E7E3C /* DishView.swift */ = {isa = PBXFileReference; lastKnownFileType = sourcecode.swift; path = DishView.swift; sourceTree = "<group>"; };
		FA7F7D2B2F686E6C006E7E3C /* DropdownPickerView.swift */ = {isa = PBXFileReference; lastKnownFileType = sourcecode.swift; path = DropdownPickerView.swift; sourceTree = "<group>"; };
		FA7F7D2C2F686E6C006E7E3C /* MarketCardView.swift */ = {isa = PBXFileReference; lastKnownFileType = sourcecode.swift; path = MarketCardView.swift; sourceTree = "<group>"; };
		FA7F7D2E2F686E6C006E7E3C /* AddMarketView.swift */ = {isa = PBXFileReference; lastKnownFileType = sourcecode.swift; path = AddMarketView.swift; sourceTree = "<group>"; };
		FA7F7D2F2F686E6C006E7E3C /* MarketDetailView.swift */ = {isa = PBXFileReference; lastKnownFileType = sourcecode.swift; path = MarketDetailView.swift; sourceTree = "<group>"; };
		FA7F7D302F686E6C006E7E3C /* MarketListView.swift */ = {isa = PBXFileReference; lastKnownFileType = sourcecode.swift; path = MarketListView.swift; sourceTree = "<group>"; };
		FA7F7D322F686E6C006E7E3C /* MeditationAudio.swift */ = {isa = PBXFileReference; lastKnownFileType = sourcecode.swift; path = MeditationAudio.swift; sourceTree = "<group>"; };
		FA7F7D332F686E6C006E7E3C /* TimerView.swift */ = {isa = PBXFileReference; lastKnownFileType = sourcecode.swift; path = TimerView.swift; sourceTree = "<group>"; };
		FA7F7D362F686E6C006E7E3C /* Assets.xcassets */ = {isa = PBXFileReference; lastKnownFileType = folder.assetcatalog; path = Assets.xcassets; sourceTree = "<group>"; };
		FA7F7D372F686E6C006E7E3C /* ContentView.swift */ = {isa = PBXFileReference; lastKnownFileType = sourcecode.swift; path = ContentView.swift; sourceTree = "<group>"; };
		FA7F7D382F686E6C006E7E3C /* MainRootView.swift */ = {isa = PBXFileReference; lastKnownFileType = sourcecode.swift; path = MainRootView.swift; sourceTree = "<group>"; };
		FA7F7D392F686E6C006E7E3C /* Moro_Eastern.entitlements */ = {isa = PBXFileReference; lastKnownFileType = text.plist.entitlements; path = Moro_Eastern.entitlements; sourceTree = "<group>"; };
		FA7F7D3A2F686E6C006E7E3C /* Moro-Eastern-Info.plist */ = {isa = PBXFileReference; lastKnownFileType = text.plist.xml; path = "Moro-Eastern-Info.plist"; sourceTree = "<group>"; };
		FA7F7D3C2F686E6C006E7E3C /* PrivacyInfo.xcprivacy */ = {isa = PBXFileReference; lastKnownFileType = text.xml; path = PrivacyInfo.xcprivacy; sourceTree = "<group>"; };
/* End PBXFileReference section */

/* Begin PBXFileSystemSynchronizedRootGroup section */
		CE7115362E6F0AB000BFCB5A /* AppTemplate */ = {
			isa = PBXFileSystemSynchronizedRootGroup;
			path = AppTemplate;
			sourceTree = "<group>";
		};
/* End PBXFileSystemSynchronizedRootGroup section */

/* Begin PBXFrameworksBuildPhase section */
		CE7115312E6F0AB000BFCB5A /* Frameworks */ = {
			isa = PBXFrameworksBuildPhase;
			buildActionMask = 2147483647;
			files = (
			);
			runOnlyForDeploymentPostprocessing = 0;
		};
/* End PBXFrameworksBuildPhase section */

/* Begin PBXGroup section */
		CE71152B2E6F0AB000BFCB5A = {
			isa = PBXGroup;
			children = (
				FA7F7D3B2F686E6C006E7E3C /* Moro Eastern */,
				FA7F7D3C2F686E6C006E7E3C /* PrivacyInfo.xcprivacy */,
				CE7115A52E6F181600BFCB5A /* LaunchScreen.storyboard */,
				CE7115362E6F0AB000BFCB5A /* AppTemplate */,
				CE7115352E6F0AB000BFCB5A /* Products */,
				CEF3187A2E72A659004E27D7 /* Frameworks */,
			);
			sourceTree = "<group>";
		};
		CE7115352E6F0AB000BFCB5A /* Products */ = {
			isa = PBXGroup;
			children = (
				CE7115342E6F0AB000BFCB5A /* AppTemplate.app */,
			);
			name = Products;
			sourceTree = "<group>";
		};
		CEF3187A2E72A659004E27D7 /* Frameworks */ = {
			isa = PBXGroup;
			children = (
				CEF3187B2E72A659004E27D7 /* UserNotifications.framework */,
			);
			name = Frameworks;
			sourceTree = "<group>";
		};
		FA7F7D122F686E6C006E7E3C /* Extensions */ = {
			isa = PBXGroup;
			children = (
				FA7F7D0D2F686E6C006E7E3C /* BackgroundModifier.swift */,
				FA7F7D0E2F686E6C006E7E3C /* FontExtension.swift */,
				FA7F7D0F2F686E6C006E7E3C /* SizeExtension.swift */,
				FA7F7D102F686E6C006E7E3C /* TransparentBlurView.swift */,
				FA7F7D112F686E6C006E7E3C /* ViewExtension.swift */,
			);
			path = Extensions;
			sourceTree = "<group>";
		};
		FA7F7D142F686E6C006E7E3C /* Fonts */ = {
			isa = PBXGroup;
			children = (
				FA7F7D132F686E6C006E7E3C /* SF-Pro-Display-Semibold.otf */,
			);
			path = Fonts;
			sourceTree = "<group>";
		};
		FA7F7D1D2F686E6C006E7E3C /* Models */ = {
			isa = PBXGroup;
			children = (
				FA7F7D152F686E6C006E7E3C /* AppState.swift */,
				FA7F7D162F686E6C006E7E3C /* AppTab.swift */,
				FA7F7D172F686E6C006E7E3C /* Dish.swift */,
				FA7F7D182F686E6C006E7E3C /* DishStore.swift */,
				FA7F7D192F686E6C006E7E3C /* Ingredient.swift */,
				FA7F7D1A2F686E6C006E7E3C /* Market.swift */,
				FA7F7D1B2F686E6C006E7E3C /* MarketStore.swift */,
				FA7F7D1C2F686E6C006E7E3C /* Purchase.swift */,
			);
			path = Models;
			sourceTree = "<group>";
		};
		FA7F7D202F686E6C006E7E3C /* Sound */ = {
			isa = PBXGroup;
			children = (
				FA7F7D1E2F686E6C006E7E3C /* camelMP.mp3 */,
				FA7F7D1F2F686E6C006E7E3C /* desertMP.mp3 */,
			);
			path = Sound;
			sourceTree = "<group>";
		};
		FA7F7D222F686E6C006E7E3C /* BottomBar */ = {
			isa = PBXGroup;
			children = (
				FA7F7D212F686E6C006E7E3C /* BottomBarView.swift */,
			);
			path = BottomBar;
			sourceTree = "<group>";
		};
		FA7F7D242F686E6C006E7E3C /* Components */ = {
			isa = PBXGroup;
			children = (
				FA7F7D232F686E6C006E7E3C /* CameraImagePicker.swift */,
			);
			path = Components;
			sourceTree = "<group>";
		};
		FA7F7D262F686E6C006E7E3C /* Components */ = {
			isa = PBXGroup;
			children = (
				FA7F7D252F686E6C006E7E3C /* DishCardView.swift */,
			);
			path = Components;
			sourceTree = "<group>";
		};
		FA7F7D2A2F686E6C006E7E3C /* Dish */ = {
			isa = PBXGroup;
			children = (
				FA7F7D262F686E6C006E7E3C /* Components */,
				FA7F7D272F686E6C006E7E3C /* AddDishView.swift */,
				FA7F7D282F686E6C006E7E3C /* DishDetailView.swift */,
				FA7F7D292F686E6C006E7E3C /* DishView.swift */,
			);
			path = Dish;
			sourceTree = "<group>";
		};
		FA7F7D2D2F686E6C006E7E3C /* Components */ = {
			isa = PBXGroup;
			children = (
				FA7F7D2B2F686E6C006E7E3C /* DropdownPickerView.swift */,
				FA7F7D2C2F686E6C006E7E3C /* MarketCardView.swift */,
			);
			path = Components;
			sourceTree = "<group>";
		};
		FA7F7D312F686E6C006E7E3C /* Market */ = {
			isa = PBXGroup;
			children = (
				FA7F7D2D2F686E6C006E7E3C /* Components */,
				FA7F7D2E2F686E6C006E7E3C /* AddMarketView.swift */,
				FA7F7D2F2F686E6C006E7E3C /* MarketDetailView.swift */,
				FA7F7D302F686E6C006E7E3C /* MarketListView.swift */,
			);
			path = Market;
			sourceTree = "<group>";
		};
		FA7F7D342F686E6C006E7E3C /* Timer */ = {
			isa = PBXGroup;
			children = (
				FA7F7D322F686E6C006E7E3C /* MeditationAudio.swift */,
				FA7F7D332F686E6C006E7E3C /* TimerView.swift */,
			);
			path = Timer;
			sourceTree = "<group>";
		};
		FA7F7D352F686E6C006E7E3C /* Views */ = {
			isa = PBXGroup;
			children = (
				FA7F7D222F686E6C006E7E3C /* BottomBar */,
				FA7F7D242F686E6C006E7E3C /* Components */,
				FA7F7D2A2F686E6C006E7E3C /* Dish */,
				FA7F7D312F686E6C006E7E3C /* Market */,
				FA7F7D342F686E6C006E7E3C /* Timer */,
			);
			path = Views;
			sourceTree = "<group>";
		};
		FA7F7D3B2F686E6C006E7E3C /* Moro Eastern */ = {
			isa = PBXGroup;
			children = (
				FA7F7D122F686E6C006E7E3C /* Extensions */,
				FA7F7D142F686E6C006E7E3C /* Fonts */,
				FA7F7D1D2F686E6C006E7E3C /* Models */,
				FA7F7D202F686E6C006E7E3C /* Sound */,
				FA7F7D352F686E6C006E7E3C /* Views */,
				FA7F7D362F686E6C006E7E3C /* Assets.xcassets */,
				FA7F7D372F686E6C006E7E3C /* ContentView.swift */,
				FA7F7D382F686E6C006E7E3C /* MainRootView.swift */,
				FA7F7D392F686E6C006E7E3C /* Moro_Eastern.entitlements */,
				FA7F7D3A2F686E6C006E7E3C /* Moro-Eastern-Info.plist */,
			);
			path = "Moro Eastern";
			sourceTree = "<group>";
		};
/* End PBXGroup section */

/* Begin PBXNativeTarget section */
		CE7115332E6F0AB000BFCB5A /* AppTemplate */ = {
			isa = PBXNativeTarget;
			buildConfigurationList = CE71154B2E6F0AB400BFCB5A /* Build configuration list for PBXNativeTarget "AppTemplate" */;
			buildPhases = (
				CE7115302E6F0AB000BFCB5A /* Sources */,
				CE7115312E6F0AB000BFCB5A /* Frameworks */,
				CE7115322E6F0AB000BFCB5A /* Resources */,
				CE71156C2E6F168000BFCB5A /* Embed Foundation Extensions */,
			);
			buildRules = (
			);
			dependencies = (
			);
			fileSystemSynchronizedGroups = (
				CE7115362E6F0AB000BFCB5A /* AppTemplate */,
			);
			name = AppTemplate;
			packageProductDependencies = (
			);
			productName = AppTemplate;
			productReference = CE7115342E6F0AB000BFCB5A /* AppTemplate.app */;
			productType = "com.apple.product-type.application";
		};
/* End PBXNativeTarget section */

/* Begin PBXProject section */
		CE71152C2E6F0AB000BFCB5A /* Project object */ = {
			isa = PBXProject;
			attributes = {
				BuildIndependentTargetsInParallel = 1;
				LastSwiftUpdateCheck = 1640;
				LastUpgradeCheck = 1640;
				TargetAttributes = {
					CE7115332E6F0AB000BFCB5A = {
						CreatedOnToolsVersion = 16.4;
					};
				};
			};
			buildConfigurationList = CE71152F2E6F0AB000BFCB5A /* Build configuration list for PBXProject "AppTemplate" */;
			developmentRegion = en;
			hasScannedForEncodings = 0;
			knownRegions = (
				en,
				Base,
			);
			mainGroup = CE71152B2E6F0AB000BFCB5A;
			minimizedProjectReferenceProxies = 1;
			packageReferences = (
			);
			preferredProjectObjectVersion = 77;
			productRefGroup = CE7115352E6F0AB000BFCB5A /* Products */;
			projectDirPath = "";
			projectRoot = "";
			targets = (
				CE7115332E6F0AB000BFCB5A /* AppTemplate */,
			);
		};
/* End PBXProject section */

/* Begin PBXResourcesBuildPhase section */
		CE7115322E6F0AB000BFCB5A /* Resources */ = {
			isa = PBXResourcesBuildPhase;
			buildActionMask = 2147483647;
			files = (
				FA7F7D592F686E6C006E7E3C /* SF-Pro-Display-Semibold.otf in Resources */,
				FA7F7D5A2F686E6C006E7E3C /* Assets.xcassets in Resources */,
				FA7F7D5B2F686E6C006E7E3C /* desertMP.mp3 in Resources */,
				FA7F7D5C2F686E6C006E7E3C /* camelMP.mp3 in Resources */,
				FA7F7D5D2F686E6C006E7E3C /* PrivacyInfo.xcprivacy in Resources */,
				FA7F7D5E2F686E6C006E7E3C /* Moro-Eastern-Info.plist in Resources */,
				CE7115A62E6F181600BFCB5A /* LaunchScreen.storyboard in Resources */,
			);
			runOnlyForDeploymentPostprocessing = 0;
		};
/* End PBXResourcesBuildPhase section */

/* Begin PBXSourcesBuildPhase section */
		CE7115302E6F0AB000BFCB5A /* Sources */ = {
			isa = PBXSourcesBuildPhase;
			buildActionMask = 2147483647;
			files = (
				FA7F7D3D2F686E6C006E7E3C /* Purchase.swift in Sources */,
				FA7F7D3E2F686E6C006E7E3C /* AddMarketView.swift in Sources */,
				FA7F7D3F2F686E6C006E7E3C /* AppTab.swift in Sources */,
				FA7F7D402F686E6C006E7E3C /* AddDishView.swift in Sources */,
				FA7F7D412F686E6C006E7E3C /* MarketListView.swift in Sources */,
				FA7F7D422F686E6C006E7E3C /* AppState.swift in Sources */,
				FA7F7D432F686E6C006E7E3C /* DishView.swift in Sources */,
				FA7F7D442F686E6C006E7E3C /* DishDetailView.swift in Sources */,
				FA7F7D452F686E6C006E7E3C /* BottomBarView.swift in Sources */,
				FA7F7D462F686E6C006E7E3C /* TransparentBlurView.swift in Sources */,
				FA7F7D472F686E6C006E7E3C /* DropdownPickerView.swift in Sources */,
				FA7F7D482F686E6C006E7E3C /* MainRootView.swift in Sources */,
				FA7F7D492F686E6C006E7E3C /* Dish.swift in Sources */,
				FA7F7D4A2F686E6C006E7E3C /* Market.swift in Sources */,
				FA7F7D4B2F686E6C006E7E3C /* DishCardView.swift in Sources */,
				FA7F7D4C2F686E6C006E7E3C /* FontExtension.swift in Sources */,
				FA7F7D4D2F686E6C006E7E3C /* ViewExtension.swift in Sources */,
				FA7F7D4E2F686E6C006E7E3C /* ContentView.swift in Sources */,
				FA7F7D4F2F686E6C006E7E3C /* BackgroundModifier.swift in Sources */,
				FA7F7D502F686E6C006E7E3C /* CameraImagePicker.swift in Sources */,
				FA7F7D512F686E6C006E7E3C /* DishStore.swift in Sources */,
				FA7F7D522F686E6C006E7E3C /* MarketDetailView.swift in Sources */,
				FA7F7D532F686E6C006E7E3C /* SizeExtension.swift in Sources */,
				FA7F7D542F686E6C006E7E3C /* MarketCardView.swift in Sources */,
				FA7F7D552F686E6C006E7E3C /* TimerView.swift in Sources */,
				FA7F7D562F686E6C006E7E3C /* Ingredient.swift in Sources */,
				FA7F7D572F686E6C006E7E3C /* MarketStore.swift in Sources */,
				FA7F7D582F686E6C006E7E3C /* MeditationAudio.swift in Sources */,
			);
			runOnlyForDeploymentPostprocessing = 0;
		};
/* End PBXSourcesBuildPhase section */

/* Begin PBXVariantGroup section */
		CE7115A52E6F181600BFCB5A /* LaunchScreen.storyboard */ = {
			isa = PBXVariantGroup;
			children = (
				CE7115A42E6F181600BFCB5A /* LaunchScreen.storyboard */,
			);
			name = LaunchScreen.storyboard;
			sourceTree = "<group>";
		};
/* End PBXVariantGroup section */

/* Begin XCBuildConfiguration section */
		CE7115492E6F0AB400BFCB5A /* Debug */ = {
			isa = XCBuildConfiguration;
			buildSettings = {
				ALWAYS_SEARCH_USER_PATHS = NO;
				ASSETCATALOG_COMPILER_GENERATE_SWIFT_ASSET_SYMBOL_EXTENSIONS = YES;
				CLANG_ANALYZER_NONNULL = YES;
				CLANG_ANALYZER_NUMBER_OBJECT_CONVERSION = YES_AGGRESSIVE;
				CLANG_CXX_LANGUAGE_STANDARD = "gnu++20";
				CLANG_ENABLE_MODULES = YES;
				CLANG_ENABLE_OBJC_ARC = YES;
				CLANG_ENABLE_OBJC_WEAK = YES;
				CLANG_WARN_BLOCK_CAPTURE_AUTORELEASING = YES;
				CLANG_WARN_BOOL_CONVERSION = YES;
				CLANG_WARN_COMMA = YES;
				CLANG_WARN_CONSTANT_CONVERSION = YES;
				CLANG_WARN_DEPRECATED_OBJC_IMPLEMENTATIONS = YES;
				CLANG_WARN_DIRECT_OBJC_ISA_USAGE = YES_ERROR;
				CLANG_WARN_DOCUMENTATION_COMMENTS = YES;
				CLANG_WARN_EMPTY_BODY = YES;
				CLANG_WARN_ENUM_CONVERSION = YES;
				CLANG_WARN_INFINITE_RECURSION = YES;
				CLANG_WARN_INT_CONVERSION = YES;
				CLANG_WARN_NON_LITERAL_NULL_CONVERSION = YES;
				CLANG_WARN_OBJC_IMPLICIT_RETAIN_SELF = YES;
				CLANG_WARN_OBJC_LITERAL_CONVERSION = YES;
				CLANG_WARN_OBJC_ROOT_CLASS = YES_ERROR;
				CLANG_WARN_QUOTED_INCLUDE_IN_FRAMEWORK_HEADER = YES;
				CLANG_WARN_RANGE_LOOP_ANALYSIS = YES;
				CLANG_WARN_STRICT_PROTOTYPES = YES;
				CLANG_WARN_SUSPICIOUS_MOVE = YES;
				CLANG_WARN_UNGUARDED_AVAILABILITY = YES_AGGRESSIVE;
				CLANG_WARN_UNREACHABLE_CODE = YES;
				CLANG_WARN__DUPLICATE_METHOD_MATCH = YES;
				CODE_SIGN_ENTITLEMENTS = /Users/user/Documents/Sources/AppTemplate/Entitlements.entitlements;
				COPY_PHASE_STRIP = NO;
				DEBUG_INFORMATION_FORMAT = dwarf;
				ENABLE_STRICT_OBJC_MSGSEND = YES;
				ENABLE_TESTABILITY = YES;
				ENABLE_USER_SCRIPT_SANDBOXING = YES;
				GCC_C_LANGUAGE_STANDARD = gnu17;
				GCC_DYNAMIC_NO_PIC = NO;
				GCC_NO_COMMON_BLOCKS = YES;
				GCC_OPTIMIZATION_LEVEL = 0;
				GCC_PREPROCESSOR_DEFINITIONS = (
					"DEBUG=1",
					"$(inherited)",
				);
				GCC_WARN_64_TO_32_BIT_CONVERSION = YES;
				GCC_WARN_ABOUT_RETURN_TYPE = YES_ERROR;
				GCC_WARN_UNDECLARED_SELECTOR = YES;
				GCC_WARN_UNINITIALIZED_AUTOS = YES_AGGRESSIVE;
				GCC_WARN_UNUSED_FUNCTION = YES;
				GCC_WARN_UNUSED_VARIABLE = YES;
				IPHONEOS_DEPLOYMENT_TARGET = 18.5;
				LOCALIZATION_PREFERS_STRING_CATALOGS = YES;
				MTL_ENABLE_DEBUG_INFO = INCLUDE_SOURCE;
				MTL_FAST_MATH = YES;
				ONLY_ACTIVE_ARCH = YES;
				SDKROOT = iphoneos;
				SWIFT_ACTIVE_COMPILATION_CONDITIONS = "DEBUG $(inherited)";
				SWIFT_OPTIMIZATION_LEVEL = "-Onone";
			};
			name = Debug;
		};
		CE71154A2E6F0AB400BFCB5A /* Release */ = {
			isa = XCBuildConfiguration;
			buildSettings = {
				ALWAYS_SEARCH_USER_PATHS = NO;
				ASSETCATALOG_COMPILER_GENERATE_SWIFT_ASSET_SYMBOL_EXTENSIONS = YES;
				CLANG_ANALYZER_NONNULL = YES;
				CLANG_ANALYZER_NUMBER_OBJECT_CONVERSION = YES_AGGRESSIVE;
				CLANG_CXX_LANGUAGE_STANDARD = "gnu++20";
				CLANG_ENABLE_MODULES = YES;
				CLANG_ENABLE_OBJC_ARC = YES;
				CLANG_ENABLE_OBJC_WEAK = YES;
				CLANG_WARN_BLOCK_CAPTURE_AUTORELEASING = YES;
				CLANG_WARN_BOOL_CONVERSION = YES;
				CLANG_WARN_COMMA = YES;
				CLANG_WARN_CONSTANT_CONVERSION = YES;
				CLANG_WARN_DEPRECATED_OBJC_IMPLEMENTATIONS = YES;
				CLANG_WARN_DIRECT_OBJC_ISA_USAGE = YES_ERROR;
				CLANG_WARN_DOCUMENTATION_COMMENTS = YES;
				CLANG_WARN_EMPTY_BODY = YES;
				CLANG_WARN_ENUM_CONVERSION = YES;
				CLANG_WARN_INFINITE_RECURSION = YES;
				CLANG_WARN_INT_CONVERSION = YES;
				CLANG_WARN_NON_LITERAL_NULL_CONVERSION = YES;
				CLANG_WARN_OBJC_IMPLICIT_RETAIN_SELF = YES;
				CLANG_WARN_OBJC_LITERAL_CONVERSION = YES;
				CLANG_WARN_OBJC_ROOT_CLASS = YES_ERROR;
				CLANG_WARN_QUOTED_INCLUDE_IN_FRAMEWORK_HEADER = YES;
				CLANG_WARN_RANGE_LOOP_ANALYSIS = YES;
				CLANG_WARN_STRICT_PROTOTYPES = YES;
				CLANG_WARN_SUSPICIOUS_MOVE = YES;
				CLANG_WARN_UNGUARDED_AVAILABILITY = YES_AGGRESSIVE;
				CLANG_WARN_UNREACHABLE_CODE = YES;
				CLANG_WARN__DUPLICATE_METHOD_MATCH = YES;
				CODE_SIGN_ENTITLEMENTS = /Users/user/Documents/Sources/AppTemplate/Entitlements.entitlements;
				COPY_PHASE_STRIP = NO;
				DEBUG_INFORMATION_FORMAT = "dwarf-with-dsym";
				ENABLE_NS_ASSERTIONS = NO;
				ENABLE_STRICT_OBJC_MSGSEND = YES;
				ENABLE_USER_SCRIPT_SANDBOXING = YES;
				GCC_C_LANGUAGE_STANDARD = gnu17;
				GCC_NO_COMMON_BLOCKS = YES;
				GCC_WARN_64_TO_32_BIT_CONVERSION = YES;
				GCC_WARN_ABOUT_RETURN_TYPE = YES_ERROR;
				GCC_WARN_UNDECLARED_SELECTOR = YES;
				GCC_WARN_UNINITIALIZED_AUTOS = YES_AGGRESSIVE;
				GCC_WARN_UNUSED_FUNCTION = YES;
				GCC_WARN_UNUSED_VARIABLE = YES;
				IPHONEOS_DEPLOYMENT_TARGET = 18.5;
				LOCALIZATION_PREFERS_STRING_CATALOGS = YES;
				MTL_ENABLE_DEBUG_INFO = NO;
				MTL_FAST_MATH = YES;
				SDKROOT = iphoneos;
				SWIFT_COMPILATION_MODE = wholemodule;
				VALIDATE_PRODUCT = YES;
			};
			name = Release;
		};
		CE71154C2E6F0AB400BFCB5A /* Debug */ = {
			isa = XCBuildConfiguration;
			buildSettings = {
				ASSETCATALOG_COMPILER_APPICON_NAME = AppIcon;
				ASSETCATALOG_COMPILER_GLOBAL_ACCENT_COLOR_NAME = AccentColor;
				CODE_SIGN_ENTITLEMENTS = Entitlements.entitlements;
				CODE_SIGN_STYLE = Automatic;
				CURRENT_PROJECT_VERSION = 1;
				DEVELOPMENT_TEAM = TZCUKDMG3L;
				GENERATE_INFOPLIST_FILE = YES;
				INFOPLIST_FILE = Info.plist;
				INFOPLIST_KEY_CFBundleDisplayName = "Moro Eastern Sands";
				INFOPLIST_KEY_NSCameraUsageDescription = "Allow access to the camera to take photos and videos to your diary.";
				INFOPLIST_KEY_NSPhotoLibraryUsageDescription = "Allow photo library access to pick images for your diary";
				INFOPLIST_KEY_UIApplicationSupportsIndirectInputEvents = YES;
				INFOPLIST_KEY_UILaunchStoryboardName = LaunchScreen;
				INFOPLIST_KEY_UIMainStoryboardFile = LaunchScreen;
				INFOPLIST_KEY_UIStatusBarHidden = YES;
				INFOPLIST_KEY_UISupportedInterfaceOrientations = "UIInterfaceOrientationLandscapeLeft UIInterfaceOrientationLandscapeRight UIInterfaceOrientationPortrait UIInterfaceOrientationPortraitUpsideDown";
				IPHONEOS_DEPLOYMENT_TARGET = 17;
				LD_RUNPATH_SEARCH_PATHS = (
					"$(inherited)",
					"@executable_path/Frameworks",
				);
				MARKETING_VERSION = 1.0;
				PRODUCT_BUNDLE_IDENTIFIER = com.easternsands.moro;
				PRODUCT_NAME = "$(TARGET_NAME)";
				SUPPORTED_PLATFORMS = "iphoneos iphonesimulator";
				SUPPORTS_MACCATALYST = NO;
				SUPPORTS_MAC_DESIGNED_FOR_IPHONE_IPAD = NO;
				SUPPORTS_XR_DESIGNED_FOR_IPHONE_IPAD = NO;
				SWIFT_EMIT_LOC_STRINGS = YES;
				SWIFT_VERSION = 5.0;
				TARGETED_DEVICE_FAMILY = 1;
			};
			name = Debug;
		};
		CE71154D2E6F0AB400BFCB5A /* Release */ = {
			isa = XCBuildConfiguration;
			buildSettings = {
				ASSETCATALOG_COMPILER_APPICON_NAME = AppIcon;
				ASSETCATALOG_COMPILER_GLOBAL_ACCENT_COLOR_NAME = AccentColor;
				CODE_SIGN_ENTITLEMENTS = Entitlements.entitlements;
				CODE_SIGN_STYLE = Automatic;
				CURRENT_PROJECT_VERSION = 1;
				DEVELOPMENT_TEAM = TZCUKDMG3L;
				GENERATE_INFOPLIST_FILE = YES;
				INFOPLIST_FILE = Info.plist;
				INFOPLIST_KEY_CFBundleDisplayName = "Moro Eastern Sands";
				INFOPLIST_KEY_NSCameraUsageDescription = "Allow access to the camera to take photos and videos to your diary.";
				INFOPLIST_KEY_NSPhotoLibraryUsageDescription = "Allow photo library access to pick images for your diary";
				INFOPLIST_KEY_UIApplicationSupportsIndirectInputEvents = YES;
				INFOPLIST_KEY_UILaunchStoryboardName = LaunchScreen;
				INFOPLIST_KEY_UIMainStoryboardFile = LaunchScreen;
				INFOPLIST_KEY_UIStatusBarHidden = YES;
				INFOPLIST_KEY_UISupportedInterfaceOrientations = "UIInterfaceOrientationLandscapeLeft UIInterfaceOrientationLandscapeRight UIInterfaceOrientationPortrait UIInterfaceOrientationPortraitUpsideDown";
				IPHONEOS_DEPLOYMENT_TARGET = 17;
				LD_RUNPATH_SEARCH_PATHS = (
					"$(inherited)",
					"@executable_path/Frameworks",
				);
				MARKETING_VERSION = 1.0;
				PRODUCT_BUNDLE_IDENTIFIER = com.easternsands.moro;
				PRODUCT_NAME = "$(TARGET_NAME)";
				SUPPORTED_PLATFORMS = "iphoneos iphonesimulator";
				SUPPORTS_MACCATALYST = NO;
				SUPPORTS_MAC_DESIGNED_FOR_IPHONE_IPAD = NO;
				SUPPORTS_XR_DESIGNED_FOR_IPHONE_IPAD = NO;
				SWIFT_EMIT_LOC_STRINGS = YES;
				SWIFT_VERSION = 5.0;
				TARGETED_DEVICE_FAMILY = 1;
			};
			name = Release;
		};
/* End XCBuildConfiguration section */

/* Begin XCConfigurationList section */
		CE71152F2E6F0AB000BFCB5A /* Build configuration list for PBXProject "AppTemplate" */ = {
			isa = XCConfigurationList;
			buildConfigurations = (
				CE7115492E6F0AB400BFCB5A /* Debug */,
				CE71154A2E6F0AB400BFCB5A /* Release */,
			);
			defaultConfigurationIsVisible = 0;
			defaultConfigurationName = Release;
		};
		CE71154B2E6F0AB400BFCB5A /* Build configuration list for PBXNativeTarget "AppTemplate" */ = {
			isa = XCConfigurationList;
			buildConfigurations = (
				CE71154C2E6F0AB400BFCB5A /* Debug */,
				CE71154D2E6F0AB400BFCB5A /* Release */,
			);
			defaultConfigurationIsVisible = 0;
			defaultConfigurationName = Release;
		};
/* End XCConfigurationList section */
	};
	rootObject = CE71152C2E6F0AB000BFCB5A /* Project object */;
}
